Microsoft Visual Studio Solution File, Format Version 12.00
# Visual Studio Version 17
VisualStudioVersion = 17.5.2.0
MinimumVisualStudioVersion = 10.0.40219.1
Project("{FAE04EC0-301F-11D3-BF4B-00C04F79EFBC}") = "ApiClient", "ApiClient\ApiClient.csproj", "{6193B99B-377A-E893-614B-CC0022A6AD4C}"
EndProject
Project("{FAE04EC0-301F-11D3-BF4B-00C04F79EFBC}") = "RestApiClient", "RestApiClient\RestApiClient.csproj", "{F47CE936-AC2E-0928-6446-6A38C82A9359}"
EndProject
Global
	GlobalSection(SolutionConfigurationPlatforms) = preSolution
		Debug|Any CPU = Debug|Any CPU
		Release|Any CPU = Release|Any CPU
	EndGlobalSection
	GlobalSection(ProjectConfigurationPlatforms) = postSolution
		{6193B99B-377A-E893-614B-CC0022A6AD4C}.Debug|Any CPU.ActiveCfg = Debug|Any CPU
		{6193B99B-377A-E893-614B-CC0022A6AD4C}.Debug|Any CPU.Build.0 = Debug|Any CPU
		{6193B99B-377A-E893-614B-CC0022A6AD4C}.Release|Any CPU.ActiveCfg = Release|Any CPU
		{6193B99B-377A-E893-614B-CC0022A6AD4C}.Release|Any CPU.Build.0 = Release|Any CPU
		{F47CE936-AC2E-0928-6446-6A38C82A9359}.Debug|Any CPU.ActiveCfg = Debug|Any CPU
		{F47CE936-AC2E-0928-6446-6A38C82A9359}.Debug|Any CPU.Build.0 = Debug|Any CPU
		{F47CE936-AC2E-0928-6446-6A38C82A9359}.Release|Any CPU.ActiveCfg = Release|Any CPU
		{F47CE936-AC2E-0928-6446-6A38C82A9359}.Release|Any CPU.Build.0 = Release|Any CPU
	EndGlobalSection
	GlobalSection(SolutionProperties) = preSolution
		HideSolutionNode = FALSE
	EndGlobalSection
	GlobalSection(ExtensibilityGlobals) = postSolution
		SolutionGuid = {FB9E420A-546F-4549-AAC4-BC5E7FEF56AA}
	EndGlobalSection
EndGlobal
